
Microsoft Visual Studio Solution File, Format Version 12.00
# Visual Studio 15
VisualStudioVersion = 15.0.26124.0
MinimumVisualStudioVersion = 15.0.26124.0
Project("{FAE04EC0-301F-11D3-BF4B-00C04F79EFBC}") = "webapi", "webapi\webapi.csproj", "{15E94945-B5DB-4AAE-A0DB-19223EFED44E}"
EndProject
Project("{FAE04EC0-301F-11D3-BF4B-00C04F79EFBC}") = "test", "test\test.csproj", "{98158E14-116D-4338-BE3C-41232CA166A7}"
EndProject
Global
	GlobalSection(SolutionConfigurationPlatforms) = preSolution
		Debug|Any CPU = Debug|Any CPU
		Debug|x64 = Debug|x64
		Debug|x86 = Debug|x86
		Release|Any CPU = Release|Any CPU
		Release|x64 = Release|x64
		Release|x86 = Release|x86
	EndGlobalSection
	GlobalSection(SolutionProperties) = preSolution
		HideSolutionNode = FALSE
	EndGlobalSection
	GlobalSection(ProjectConfigurationPlatforms) = postSolution
		{15E94945-B5DB-4AAE-A0DB-19223EFED44E}.Debug|Any CPU.ActiveCfg = Debug|Any CPU
		{15E94945-B5DB-4AAE-A0DB-19223EFED44E}.Debug|Any CPU.Build.0 = Debug|Any CPU
		{15E94945-B5DB-4AAE-A0DB-19223EFED44E}.Debug|x64.ActiveCfg = Debug|Any CPU
		{15E94945-B5DB-4AAE-A0DB-19223EFED44E}.Debug|x64.Build.0 = Debug|Any CPU
		{15E94945-B5DB-4AAE-A0DB-19223EFED44E}.Debug|x86.ActiveCfg = Debug|Any CPU
		{15E94945-B5DB-4AAE-A0DB-19223EFED44E}.Debug|x86.Build.0 = Debug|Any CPU
		{15E94945-B5DB-4AAE-A0DB-19223EFED44E}.Release|Any CPU.ActiveCfg = Release|Any CPU
		{15E94945-B5DB-4AAE-A0DB-19223EFED44E}.Release|Any CPU.Build.0 = Release|Any CPU
		{15E94945-B5DB-4AAE-A0DB-19223EFED44E}.Release|x64.ActiveCfg = Release|Any CPU
		{15E94945-B5DB-4AAE-A0DB-19223EFED44E}.Release|x64.Build.0 = Release|Any CPU
		{15E94945-B5DB-4AAE-A0DB-19223EFED44E}.Release|x86.ActiveCfg = Release|Any CPU
		{15E94945-B5DB-4AAE-A0DB-19223EFED44E}.Release|x86.Build.0 = Release|Any CPU
		{98158E14-116D-4338-BE3C-41232CA166A7}.Debug|Any CPU.ActiveCfg = Debug|Any CPU
		{98158E14-116D-4338-BE3C-41232CA166A7}.Debug|Any CPU.Build.0 = Debug|Any CPU
		{98158E14-116D-4338-BE3C-41232CA166A7}.Debug|x64.ActiveCfg = Debug|Any CPU
		{98158E14-116D-4338-BE3C-41232CA166A7}.Debug|x64.Build.0 = Debug|Any CPU
		{98158E14-116D-4338-BE3C-41232CA166A7}.Debug|x86.ActiveCfg = Debug|Any CPU
		{98158E14-116D-4338-BE3C-41232CA166A7}.Debug|x86.Build.0 = Debug|Any CPU
		{98158E14-116D-4338-BE3C-41232CA166A7}.Release|Any CPU.ActiveCfg = Release|Any CPU
		{98158E14-116D-4338-BE3C-41232CA166A7}.Release|Any CPU.Build.0 = Release|Any CPU
		{98158E14-116D-4338-BE3C-41232CA166A7}.Release|x64.ActiveCfg = Release|Any CPU
		{98158E14-116D-4338-BE3C-41232CA166A7}.Release|x64.Build.0 = Release|Any CPU
		{98158E14-116D-4338-BE3C-41232CA166A7}.Release|x86.ActiveCfg = Release|Any CPU
		{98158E14-116D-4338-BE3C-41232CA166A7}.Release|x86.Build.0 = Release|Any CPU
	EndGlobalSection
EndGlobal
